{
  "name": "Todo",
  "version": "1.0.0",
  "description": "Your project description",
  "main": "index.js",
  "scripts": {
    "start": "node server/index.js",
    "dev": "nodemon server/index.js"
  },
  "dependencies": {},
  "devDependencies": {},
  "author": "Suphal Bochkar",
  "license": "ISC"
}